
Microsoft Visual Studio Solution File, Format Version 12.00
# Visual Studio Version 17
VisualStudioVersion = 17.6.33815.320
MinimumVisualStudioVersion = 10.0.40219.1
Project("{8BC9CEB8-8B4A-11D0-8D11-00A0C91BC942}") = "WinConsole", "WinConsole\WinConsole.vcxproj", "{F2988834-50BB-4088-A7CA-5E617CB88D4D}"
EndProject
Project("{8BC9CEB8-8B4A-11D0-8D11-00A0C91BC942}") = "WinWindow", "WinWindow\WinWindow.vcxproj", "{C0AFD8B8-90BC-474E-A00E-88915EF29ED1}"
EndProject
Project("{8BC9CEB8-8B4A-11D0-8D11-00A0C91BC942}") = "WinSDKNote", "WinSDKNote\WinSDKNote.vcxproj", "{C9844B74-2059-4990-A60F-506D4B2C34CF}"
EndProject
Project("{8BC9CEB8-8B4A-11D0-8D11-00A0C91BC942}") = "WinStatic", "WinStatic\WinStatic.vcxproj", "{36FF0137-8F8C-4B66-BD29-F7D4D0BEA193}"
EndProject
Project("{8BC9CEB8-8B4A-11D0-8D11-00A0C91BC942}") = "WinDll", "WinDll\WinDll.vcxproj", "{A58B9C18-9D4E-4C61-8D9A-435B4F596DB2}"
EndProject
Project("{8BC9CEB8-8B4A-11D0-8D11-00A0C91BC942}") = "WinBase", "WinBase\WinBase.vcxproj", "{B5430D6B-D318-4CCC-A862-498A30CC97BB}"
EndProject
Project("{8BC9CEB8-8B4A-11D0-8D11-00A0C91BC942}") = "WinChar", "WinChar\WinChar.vcxproj", "{43ED4C8A-93B8-4916-B4BB-D5E91299D7CB}"
EndProject
Project("{8BC9CEB8-8B4A-11D0-8D11-00A0C91BC942}") = "WinWndClass", "WinWndClass\WinWndClass.vcxproj", "{34C2F537-73B6-4B98-8307-CE269212A68D}"
EndProject
Project("{8BC9CEB8-8B4A-11D0-8D11-00A0C91BC942}") = "WinSysReg", "WinSysReg\WinSysReg.vcxproj", "{FF7F7C05-C5DC-4044-AA39-6E8CB5F4666C}"
EndProject
Project("{8BC9CEB8-8B4A-11D0-8D11-00A0C91BC942}") = "WinChildWindow", "WinChildWindow\WinChildWindow.vcxproj", "{3E7D1AD2-F8E1-4129-9FB4-2A96C5659CCA}"
EndProject
Project("{8BC9CEB8-8B4A-11D0-8D11-00A0C91BC942}") = "WinMsg", "WinMsg\WinMsg.vcxproj", "{0AADDE49-B42F-45B0-AEA3-C1E5D8C3B222}"
EndProject
Project("{8BC9CEB8-8B4A-11D0-8D11-00A0C91BC942}") = "WinCustomMessage", "WinCustomMessage\WinCustomMessage.vcxproj", "{F10FEB92-B0D9-46C3-BC9C-E9B1EF044D34}"
EndProject
Project("{8BC9CEB8-8B4A-11D0-8D11-00A0C91BC942}") = "WinPaint", "WinPaint\WinPaint.vcxproj", "{DF69AAAA-E10F-45BC-BF3E-48FA3CB480DA}"
EndProject
Project("{8BC9CEB8-8B4A-11D0-8D11-00A0C91BC942}") = "WinKeyboard", "WinKeyboard\WinKeyboard.vcxproj", "{B7CA0B65-BA02-4E45-8F2A-7FD91729D22E}"
EndProject
Project("{8BC9CEB8-8B4A-11D0-8D11-00A0C91BC942}") = "WinMouse", "WinMouse\WinMouse.vcxproj", "{9407E477-571F-432C-A36D-9B720D2E557B}"
EndProject
Project("{8BC9CEB8-8B4A-11D0-8D11-00A0C91BC942}") = "WinTimer", "WinTimer\WinTimer.vcxproj", "{2E27061A-89A0-4634-91F2-D3970D469E72}"
EndProject
Project("{8BC9CEB8-8B4A-11D0-8D11-00A0C91BC942}") = "WinMenu", "WinMenu\WinMenu.vcxproj", "{FA849D93-B598-4237-B9DC-4123D54C4184}"
EndProject
Project("{8BC9CEB8-8B4A-11D0-8D11-00A0C91BC942}") = "WinResource", "WinResource\WinResource.vcxproj", "{B89A3716-26D1-4F74-AAF6-86AF9B477917}"
EndProject
Project("{8BC9CEB8-8B4A-11D0-8D11-00A0C91BC942}") = "WinDraw", "WinDraw\WinDraw.vcxproj", "{F57D0204-6686-4C16-8DB7-B324F3F21FB7}"
EndProject
Project("{8BC9CEB8-8B4A-11D0-8D11-00A0C91BC942}") = "WinText", "WinText\WinText.vcxproj", "{76D99B61-6404-49D5-8637-C5627518F6B1}"
EndProject
Project("{8BC9CEB8-8B4A-11D0-8D11-00A0C91BC942}") = "WinDialog", "WinDialog\WinDialog.vcxproj", "{819E8707-2833-44DC-97E0-4561E72C12AF}"
EndProject
Project("{8BC9CEB8-8B4A-11D0-8D11-00A0C91BC942}") = "Clib", "Clib\Clib.vcxproj", "{3123D53E-36AA-4745-AF36-CEB6359954EC}"
EndProject
Project("{8BC9CEB8-8B4A-11D0-8D11-00A0C91BC942}") = "UseClib", "UseClib\UseClib.vcxproj", "{25CF358A-15AC-43BA-A1AE-2B65C3A09B03}"
EndProject
Project("{8BC9CEB8-8B4A-11D0-8D11-00A0C91BC942}") = "CppLib", "CppLib\CppLib.vcxproj", "{812DA9CD-49E3-456F-B87F-213709C8EB2B}"
EndProject
Project("{8BC9CEB8-8B4A-11D0-8D11-00A0C91BC942}") = "UseCpplib", "UseCpplib\UseCpplib.vcxproj", "{99DC89E1-2511-4AE7-BD01-FAD7F5860F0B}"
EndProject
Project("{8BC9CEB8-8B4A-11D0-8D11-00A0C91BC942}") = "CPPDll", "CPPDll\CPPDll.vcxproj", "{31233438-7CB4-449D-94DD-C96F1EB7D909}"
EndProject
Project("{8BC9CEB8-8B4A-11D0-8D11-00A0C91BC942}") = "UseCppDll", "UseCppDll\UseCppDll.vcxproj", "{1803962F-5360-4990-A7F5-5CC801CFB4A9}"
EndProject
Project("{8BC9CEB8-8B4A-11D0-8D11-00A0C91BC942}") = "IndicateCallDll", "IndicateCallDll\IndicateCallDll.vcxproj", "{09A64FA0-52F3-47A4-A721-CB4A11AFF60F}"
EndProject
Project("{8BC9CEB8-8B4A-11D0-8D11-00A0C91BC942}") = "ClassDill", "ClassDill\ClassDill.vcxproj", "{27AFBD21-5D7D-4A7D-9BD5-3B5F083A1E74}"
EndProject
Project("{8BC9CEB8-8B4A-11D0-8D11-00A0C91BC942}") = "UseClassDll", "UseClassDll\UseClassDll.vcxproj", "{314398B6-2957-47FF-BB0A-6683365D352B}"
EndProject
Project("{8BC9CEB8-8B4A-11D0-8D11-00A0C91BC942}") = "WinThread", "WinThread\WinThread.vcxproj", "{1D4A401A-9A0F-4740-A882-37A997149375}"
EndProject
Project("{8BC9CEB8-8B4A-11D0-8D11-00A0C91BC942}") = "WinInterLock", "WinInterLock\WinInterLock.vcxproj", "{42EA7F6A-0212-4572-9584-8539CDFFED67}"
EndProject
Project("{8BC9CEB8-8B4A-11D0-8D11-00A0C91BC942}") = "WinMutex", "WinMutex\WinMutex.vcxproj", "{75FD8244-DEB5-47FE-8B27-0CCB8D603D15}"
EndProject
Project("{8BC9CEB8-8B4A-11D0-8D11-00A0C91BC942}") = "WinEvent", "WinEvent\WinEvent.vcxproj", "{ADD871A1-629A-4D72-BF5F-2963CDF33865}"
EndProject
Project("{8BC9CEB8-8B4A-11D0-8D11-00A0C91BC942}") = "WInSema", "WInSema\WInSema.vcxproj", "{43FA9AE2-A34D-47B6-8395-21C8D9A5AEA2}"
EndProject
Global
	GlobalSection(SolutionConfigurationPlatforms) = preSolution
		Debug|x64 = Debug|x64
		Debug|x86 = Debug|x86
		Release|x64 = Release|x64
		Release|x86 = Release|x86
	EndGlobalSection
	GlobalSection(ProjectConfigurationPlatforms) = postSolution
		{F2988834-50BB-4088-A7CA-5E617CB88D4D}.Debug|x64.ActiveCfg = Debug|x64
		{F2988834-50BB-4088-A7CA-5E617CB88D4D}.Debug|x64.Build.0 = Debug|x64
		{F2988834-50BB-4088-A7CA-5E617CB88D4D}.Debug|x86.ActiveCfg = Debug|Win32
		{F2988834-50BB-4088-A7CA-5E617CB88D4D}.Debug|x86.Build.0 = Debug|Win32
		{F2988834-50BB-4088-A7CA-5E617CB88D4D}.Release|x64.ActiveCfg = Release|x64
		{F2988834-50BB-4088-A7CA-5E617CB88D4D}.Release|x64.Build.0 = Release|x64
		{F2988834-50BB-4088-A7CA-5E617CB88D4D}.Release|x86.ActiveCfg = Release|Win32
		{F2988834-50BB-4088-A7CA-5E617CB88D4D}.Release|x86.Build.0 = Release|Win32
		{C0AFD8B8-90BC-474E-A00E-88915EF29ED1}.Debug|x64.ActiveCfg = Debug|x64
		{C0AFD8B8-90BC-474E-A00E-88915EF29ED1}.Debug|x64.Build.0 = Debug|x64
		{C0AFD8B8-90BC-474E-A00E-88915EF29ED1}.Debug|x86.ActiveCfg = Debug|Win32
		{C0AFD8B8-90BC-474E-A00E-88915EF29ED1}.Debug|x86.Build.0 = Debug|Win32
		{C0AFD8B8-90BC-474E-A00E-88915EF29ED1}.Release|x64.ActiveCfg = Release|x64
		{C0AFD8B8-90BC-474E-A00E-88915EF29ED1}.Release|x64.Build.0 = Release|x64
		{C0AFD8B8-90BC-474E-A00E-88915EF29ED1}.Release|x86.ActiveCfg = Release|Win32
		{C0AFD8B8-90BC-474E-A00E-88915EF29ED1}.Release|x86.Build.0 = Release|Win32
		{C9844B74-2059-4990-A60F-506D4B2C34CF}.Debug|x64.ActiveCfg = Debug|x64
		{C9844B74-2059-4990-A60F-506D4B2C34CF}.Debug|x64.Build.0 = Debug|x64
		{C9844B74-2059-4990-A60F-506D4B2C34CF}.Debug|x86.ActiveCfg = Debug|Win32
		{C9844B74-2059-4990-A60F-506D4B2C34CF}.Debug|x86.Build.0 = Debug|Win32
		{C9844B74-2059-4990-A60F-506D4B2C34CF}.Release|x64.ActiveCfg = Release|x64
		{C9844B74-2059-4990-A60F-506D4B2C34CF}.Release|x64.Build.0 = Release|x64
		{C9844B74-2059-4990-A60F-506D4B2C34CF}.Release|x86.ActiveCfg = Release|Win32
		{C9844B74-2059-4990-A60F-506D4B2C34CF}.Release|x86.Build.0 = Release|Win32
		{36FF0137-8F8C-4B66-BD29-F7D4D0BEA193}.Debug|x64.ActiveCfg = Debug|x64
		{36FF0137-8F8C-4B66-BD29-F7D4D0BEA193}.Debug|x64.Build.0 = Debug|x64
		{36FF0137-8F8C-4B66-BD29-F7D4D0BEA193}.Debug|x86.ActiveCfg = Debug|Win32
		{36FF0137-8F8C-4B66-BD29-F7D4D0BEA193}.Debug|x86.Build.0 = Debug|Win32
		{36FF0137-8F8C-4B66-BD29-F7D4D0BEA193}.Release|x64.ActiveCfg = Release|x64
		{36FF0137-8F8C-4B66-BD29-F7D4D0BEA193}.Release|x64.Build.0 = Release|x64
		{36FF0137-8F8C-4B66-BD29-F7D4D0BEA193}.Release|x86.ActiveCfg = Release|Win32
		{36FF0137-8F8C-4B66-BD29-F7D4D0BEA193}.Release|x86.Build.0 = Release|Win32
		{A58B9C18-9D4E-4C61-8D9A-435B4F596DB2}.Debug|x64.ActiveCfg = Debug|x64
		{A58B9C18-9D4E-4C61-8D9A-435B4F596DB2}.Debug|x64.Build.0 = Debug|x64
		{A58B9C18-9D4E-4C61-8D9A-435B4F596DB2}.Debug|x86.ActiveCfg = Debug|Win32
		{A58B9C18-9D4E-4C61-8D9A-435B4F596DB2}.Debug|x86.Build.0 = Debug|Win32
		{A58B9C18-9D4E-4C61-8D9A-435B4F596DB2}.Release|x64.ActiveCfg = Release|x64
		{A58B9C18-9D4E-4C61-8D9A-435B4F596DB2}.Release|x64.Build.0 = Release|x64
		{A58B9C18-9D4E-4C61-8D9A-435B4F596DB2}.Release|x86.ActiveCfg = Release|Win32
		{A58B9C18-9D4E-4C61-8D9A-435B4F596DB2}.Release|x86.Build.0 = Release|Win32
		{B5430D6B-D318-4CCC-A862-498A30CC97BB}.Debug|x64.ActiveCfg = Debug|x64
		{B5430D6B-D318-4CCC-A862-498A30CC97BB}.Debug|x64.Build.0 = Debug|x64
		{B5430D6B-D318-4CCC-A862-498A30CC97BB}.Debug|x86.ActiveCfg = Debug|Win32
		{B5430D6B-D318-4CCC-A862-498A30CC97BB}.Debug|x86.Build.0 = Debug|Win32
		{B5430D6B-D318-4CCC-A862-498A30CC97BB}.Release|x64.ActiveCfg = Release|x64
		{B5430D6B-D318-4CCC-A862-498A30CC97BB}.Release|x64.Build.0 = Release|x64
		{B5430D6B-D318-4CCC-A862-498A30CC97BB}.Release|x86.ActiveCfg = Release|Win32
		{B5430D6B-D318-4CCC-A862-498A30CC97BB}.Release|x86.Build.0 = Release|Win32
		{43ED4C8A-93B8-4916-B4BB-D5E91299D7CB}.Debug|x64.ActiveCfg = Debug|x64
		{43ED4C8A-93B8-4916-B4BB-D5E91299D7CB}.Debug|x64.Build.0 = Debug|x64
		{43ED4C8A-93B8-4916-B4BB-D5E91299D7CB}.Debug|x86.ActiveCfg = Debug|Win32
		{43ED4C8A-93B8-4916-B4BB-D5E91299D7CB}.Debug|x86.Build.0 = Debug|Win32
		{43ED4C8A-93B8-4916-B4BB-D5E91299D7CB}.Release|x64.ActiveCfg = Release|x64
		{43ED4C8A-93B8-4916-B4BB-D5E91299D7CB}.Release|x64.Build.0 = Release|x64
		{43ED4C8A-93B8-4916-B4BB-D5E91299D7CB}.Release|x86.ActiveCfg = Release|Win32
		{43ED4C8A-93B8-4916-B4BB-D5E91299D7CB}.Release|x86.Build.0 = Release|Win32
		{34C2F537-73B6-4B98-8307-CE269212A68D}.Debug|x64.ActiveCfg = Debug|x64
		{34C2F537-73B6-4B98-8307-CE269212A68D}.Debug|x64.Build.0 = Debug|x64
		{34C2F537-73B6-4B98-8307-CE269212A68D}.Debug|x86.ActiveCfg = Debug|Win32
		{34C2F537-73B6-4B98-8307-CE269212A68D}.Debug|x86.Build.0 = Debug|Win32
		{34C2F537-73B6-4B98-8307-CE269212A68D}.Release|x64.ActiveCfg = Release|x64
		{34C2F537-73B6-4B98-8307-CE269212A68D}.Release|x64.Build.0 = Release|x64
		{34C2F537-73B6-4B98-8307-CE269212A68D}.Release|x86.ActiveCfg = Release|Win32
		{34C2F537-73B6-4B98-8307-CE269212A68D}.Release|x86.Build.0 = Release|Win32
		{FF7F7C05-C5DC-4044-AA39-6E8CB5F4666C}.Debug|x64.ActiveCfg = Debug|x64
		{FF7F7C05-C5DC-4044-AA39-6E8CB5F4666C}.Debug|x64.Build.0 = Debug|x64
		{FF7F7C05-C5DC-4044-AA39-6E8CB5F4666C}.Debug|x86.ActiveCfg = Debug|Win32
		{FF7F7C05-C5DC-4044-AA39-6E8CB5F4666C}.Debug|x86.Build.0 = Debug|Win32
		{FF7F7C05-C5DC-4044-AA39-6E8CB5F4666C}.Release|x64.ActiveCfg = Release|x64
		{FF7F7C05-C5DC-4044-AA39-6E8CB5F4666C}.Release|x64.Build.0 = Release|x64
		{FF7F7C05-C5DC-4044-AA39-6E8CB5F4666C}.Release|x86.ActiveCfg = Release|Win32
		{FF7F7C05-C5DC-4044-AA39-6E8CB5F4666C}.Release|x86.Build.0 = Release|Win32
		{3E7D1AD2-F8E1-4129-9FB4-2A96C5659CCA}.Debug|x64.ActiveCfg = Debug|x64
		{3E7D1AD2-F8E1-4129-9FB4-2A96C5659CCA}.Debug|x64.Build.0 = Debug|x64
		{3E7D1AD2-F8E1-4129-9FB4-2A96C5659CCA}.Debug|x86.ActiveCfg = Debug|Win32
		{3E7D1AD2-F8E1-4129-9FB4-2A96C5659CCA}.Debug|x86.Build.0 = Debug|Win32
		{3E7D1AD2-F8E1-4129-9FB4-2A96C5659CCA}.Release|x64.ActiveCfg = Release|x64
		{3E7D1AD2-F8E1-4129-9FB4-2A96C5659CCA}.Release|x64.Build.0 = Release|x64
		{3E7D1AD2-F8E1-4129-9FB4-2A96C5659CCA}.Release|x86.ActiveCfg = Release|Win32
		{3E7D1AD2-F8E1-4129-9FB4-2A96C5659CCA}.Release|x86.Build.0 = Release|Win32
		{0AADDE49-B42F-45B0-AEA3-C1E5D8C3B222}.Debug|x64.ActiveCfg = Debug|x64
		{0AADDE49-B42F-45B0-AEA3-C1E5D8C3B222}.Debug|x64.Build.0 = Debug|x64
		{0AADDE49-B42F-45B0-AEA3-C1E5D8C3B222}.Debug|x86.ActiveCfg = Debug|Win32
		{0AADDE49-B42F-45B0-AEA3-C1E5D8C3B222}.Debug|x86.Build.0 = Debug|Win32
		{0AADDE49-B42F-45B0-AEA3-C1E5D8C3B222}.Release|x64.ActiveCfg = Release|x64
		{0AADDE49-B42F-45B0-AEA3-C1E5D8C3B222}.Release|x64.Build.0 = Release|x64
		{0AADDE49-B42F-45B0-AEA3-C1E5D8C3B222}.Release|x86.ActiveCfg = Release|Win32
		{0AADDE49-B42F-45B0-AEA3-C1E5D8C3B222}.Release|x86.Build.0 = Release|Win32
		{F10FEB92-B0D9-46C3-BC9C-E9B1EF044D34}.Debug|x64.ActiveCfg = Debug|x64
		{F10FEB92-B0D9-46C3-BC9C-E9B1EF044D34}.Debug|x64.Build.0 = Debug|x64
		{F10FEB92-B0D9-46C3-BC9C-E9B1EF044D34}.Debug|x86.ActiveCfg = Debug|Win32
		{F10FEB92-B0D9-46C3-BC9C-E9B1EF044D34}.Debug|x86.Build.0 = Debug|Win32
		{F10FEB92-B0D9-46C3-BC9C-E9B1EF044D34}.Release|x64.ActiveCfg = Release|x64
		{F10FEB92-B0D9-46C3-BC9C-E9B1EF044D34}.Release|x64.Build.0 = Release|x64
		{F10FEB92-B0D9-46C3-BC9C-E9B1EF044D34}.Release|x86.ActiveCfg = Release|Win32
		{F10FEB92-B0D9-46C3-BC9C-E9B1EF044D34}.Release|x86.Build.0 = Release|Win32
		{DF69AAAA-E10F-45BC-BF3E-48FA3CB480DA}.Debug|x64.ActiveCfg = Debug|x64
		{DF69AAAA-E10F-45BC-BF3E-48FA3CB480DA}.Debug|x64.Build.0 = Debug|x64
		{DF69AAAA-E10F-45BC-BF3E-48FA3CB480DA}.Debug|x86.ActiveCfg = Debug|Win32
		{DF69AAAA-E10F-45BC-BF3E-48FA3CB480DA}.Debug|x86.Build.0 = Debug|Win32
		{DF69AAAA-E10F-45BC-BF3E-48FA3CB480DA}.Release|x64.ActiveCfg = Release|x64
		{DF69AAAA-E10F-45BC-BF3E-48FA3CB480DA}.Release|x64.Build.0 = Release|x64
		{DF69AAAA-E10F-45BC-BF3E-48FA3CB480DA}.Release|x86.ActiveCfg = Release|Win32
		{DF69AAAA-E10F-45BC-BF3E-48FA3CB480DA}.Release|x86.Build.0 = Release|Win32
		{B7CA0B65-BA02-4E45-8F2A-7FD91729D22E}.Debug|x64.ActiveCfg = Debug|x64
		{B7CA0B65-BA02-4E45-8F2A-7FD91729D22E}.Debug|x64.Build.0 = Debug|x64
		{B7CA0B65-BA02-4E45-8F2A-7FD91729D22E}.Debug|x86.ActiveCfg = Debug|Win32
		{B7CA0B65-BA02-4E45-8F2A-7FD91729D22E}.Debug|x86.Build.0 = Debug|Win32
		{B7CA0B65-BA02-4E45-8F2A-7FD91729D22E}.Release|x64.ActiveCfg = Release|x64
		{B7CA0B65-BA02-4E45-8F2A-7FD91729D22E}.Release|x64.Build.0 = Release|x64
		{B7CA0B65-BA02-4E45-8F2A-7FD91729D22E}.Release|x86.ActiveCfg = Release|Win32
		{B7CA0B65-BA02-4E45-8F2A-7FD91729D22E}.Release|x86.Build.0 = Release|Win32
		{9407E477-571F-432C-A36D-9B720D2E557B}.Debug|x64.ActiveCfg = Debug|x64
		{9407E477-571F-432C-A36D-9B720D2E557B}.Debug|x64.Build.0 = Debug|x64
		{9407E477-571F-432C-A36D-9B720D2E557B}.Debug|x86.ActiveCfg = Debug|Win32
		{9407E477-571F-432C-A36D-9B720D2E557B}.Debug|x86.Build.0 = Debug|Win32
		{9407E477-571F-432C-A36D-9B720D2E557B}.Release|x64.ActiveCfg = Release|x64
		{9407E477-571F-432C-A36D-9B720D2E557B}.Release|x64.Build.0 = Release|x64
		{9407E477-571F-432C-A36D-9B720D2E557B}.Release|x86.ActiveCfg = Release|Win32
		{9407E477-571F-432C-A36D-9B720D2E557B}.Release|x86.Build.0 = Release|Win32
		{2E27061A-89A0-4634-91F2-D3970D469E72}.Debug|x64.ActiveCfg = Debug|x64
		{2E27061A-89A0-4634-91F2-D3970D469E72}.Debug|x64.Build.0 = Debug|x64
		{2E27061A-89A0-4634-91F2-D3970D469E72}.Debug|x86.ActiveCfg = Debug|Win32
		{2E27061A-89A0-4634-91F2-D3970D469E72}.Debug|x86.Build.0 = Debug|Win32
		{2E27061A-89A0-4634-91F2-D3970D469E72}.Release|x64.ActiveCfg = Release|x64
		{2E27061A-89A0-4634-91F2-D3970D469E72}.Release|x64.Build.0 = Release|x64
		{2E27061A-89A0-4634-91F2-D3970D469E72}.Release|x86.ActiveCfg = Release|Win32
		{2E27061A-89A0-4634-91F2-D3970D469E72}.Release|x86.Build.0 = Release|Win32
		{FA849D93-B598-4237-B9DC-4123D54C4184}.Debug|x64.ActiveCfg = Debug|x64
		{FA849D93-B598-4237-B9DC-4123D54C4184}.Debug|x64.Build.0 = Debug|x64
		{FA849D93-B598-4237-B9DC-4123D54C4184}.Debug|x86.ActiveCfg = Debug|Win32
		{FA849D93-B598-4237-B9DC-4123D54C4184}.Debug|x86.Build.0 = Debug|Win32
		{FA849D93-B598-4237-B9DC-4123D54C4184}.Release|x64.ActiveCfg = Release|x64
		{FA849D93-B598-4237-B9DC-4123D54C4184}.Release|x64.Build.0 = Release|x64
		{FA849D93-B598-4237-B9DC-4123D54C4184}.Release|x86.ActiveCfg = Release|Win32
		{FA849D93-B598-4237-B9DC-4123D54C4184}.Release|x86.Build.0 = Release|Win32
		{B89A3716-26D1-4F74-AAF6-86AF9B477917}.Debug|x64.ActiveCfg = Debug|x64
		{B89A3716-26D1-4F74-AAF6-86AF9B477917}.Debug|x64.Build.0 = Debug|x64
		{B89A3716-26D1-4F74-AAF6-86AF9B477917}.Debug|x86.ActiveCfg = Debug|Win32
		{B89A3716-26D1-4F74-AAF6-86AF9B477917}.Debug|x86.Build.0 = Debug|Win32
		{B89A3716-26D1-4F74-AAF6-86AF9B477917}.Release|x64.ActiveCfg = Release|x64
		{B89A3716-26D1-4F74-AAF6-86AF9B477917}.Release|x64.Build.0 = Release|x64
		{B89A3716-26D1-4F74-AAF6-86AF9B477917}.Release|x86.ActiveCfg = Release|Win32
		{B89A3716-26D1-4F74-AAF6-86AF9B477917}.Release|x86.Build.0 = Release|Win32
		{F57D0204-6686-4C16-8DB7-B324F3F21FB7}.Debug|x64.ActiveCfg = Debug|x64
		{F57D0204-6686-4C16-8DB7-B324F3F21FB7}.Debug|x64.Build.0 = Debug|x64
		{F57D0204-6686-4C16-8DB7-B324F3F21FB7}.Debug|x86.ActiveCfg = Debug|Win32
		{F57D0204-6686-4C16-8DB7-B324F3F21FB7}.Debug|x86.Build.0 = Debug|Win32
		{F57D0204-6686-4C16-8DB7-B324F3F21FB7}.Release|x64.ActiveCfg = Release|x64
		{F57D0204-6686-4C16-8DB7-B324F3F21FB7}.Release|x64.Build.0 = Release|x64
		{F57D0204-6686-4C16-8DB7-B324F3F21FB7}.Release|x86.ActiveCfg = Release|Win32
		{F57D0204-6686-4C16-8DB7-B324F3F21FB7}.Release|x86.Build.0 = Release|Win32
		{76D99B61-6404-49D5-8637-C5627518F6B1}.Debug|x64.ActiveCfg = Debug|x64
		{76D99B61-6404-49D5-8637-C5627518F6B1}.Debug|x64.Build.0 = Debug|x64
		{76D99B61-6404-49D5-8637-C5627518F6B1}.Debug|x86.ActiveCfg = Debug|Win32
		{76D99B61-6404-49D5-8637-C5627518F6B1}.Debug|x86.Build.0 = Debug|Win32
		{76D99B61-6404-49D5-8637-C5627518F6B1}.Release|x64.ActiveCfg = Release|x64
		{76D99B61-6404-49D5-8637-C5627518F6B1}.Release|x64.Build.0 = Release|x64
		{76D99B61-6404-49D5-8637-C5627518F6B1}.Release|x86.ActiveCfg = Release|Win32
		{76D99B61-6404-49D5-8637-C5627518F6B1}.Release|x86.Build.0 = Release|Win32
		{819E8707-2833-44DC-97E0-4561E72C12AF}.Debug|x64.ActiveCfg = Debug|x64
		{819E8707-2833-44DC-97E0-4561E72C12AF}.Debug|x64.Build.0 = Debug|x64
		{819E8707-2833-44DC-97E0-4561E72C12AF}.Debug|x86.ActiveCfg = Debug|Win32
		{819E8707-2833-44DC-97E0-4561E72C12AF}.Debug|x86.Build.0 = Debug|Win32
		{819E8707-2833-44DC-97E0-4561E72C12AF}.Release|x64.ActiveCfg = Release|x64
		{819E8707-2833-44DC-97E0-4561E72C12AF}.Release|x64.Build.0 = Release|x64
		{819E8707-2833-44DC-97E0-4561E72C12AF}.Release|x86.ActiveCfg = Release|Win32
		{819E8707-2833-44DC-97E0-4561E72C12AF}.Release|x86.Build.0 = Release|Win32
		{3123D53E-36AA-4745-AF36-CEB6359954EC}.Debug|x64.ActiveCfg = Debug|x64
		{3123D53E-36AA-4745-AF36-CEB6359954EC}.Debug|x64.Build.0 = Debug|x64
		{3123D53E-36AA-4745-AF36-CEB6359954EC}.Debug|x86.ActiveCfg = Debug|Win32
		{3123D53E-36AA-4745-AF36-CEB6359954EC}.Debug|x86.Build.0 = Debug|Win32
		{3123D53E-36AA-4745-AF36-CEB6359954EC}.Release|x64.ActiveCfg = Release|x64
		{3123D53E-36AA-4745-AF36-CEB6359954EC}.Release|x64.Build.0 = Release|x64
		{3123D53E-36AA-4745-AF36-CEB6359954EC}.Release|x86.ActiveCfg = Release|Win32
		{3123D53E-36AA-4745-AF36-CEB6359954EC}.Release|x86.Build.0 = Release|Win32
		{25CF358A-15AC-43BA-A1AE-2B65C3A09B03}.Debug|x64.ActiveCfg = Debug|x64
		{25CF358A-15AC-43BA-A1AE-2B65C3A09B03}.Debug|x64.Build.0 = Debug|x64
		{25CF358A-15AC-43BA-A1AE-2B65C3A09B03}.Debug|x86.ActiveCfg = Debug|Win32
		{25CF358A-15AC-43BA-A1AE-2B65C3A09B03}.Debug|x86.Build.0 = Debug|Win32
		{25CF358A-15AC-43BA-A1AE-2B65C3A09B03}.Release|x64.ActiveCfg = Release|x64
		{25CF358A-15AC-43BA-A1AE-2B65C3A09B03}.Release|x64.Build.0 = Release|x64
		{25CF358A-15AC-43BA-A1AE-2B65C3A09B03}.Release|x86.ActiveCfg = Release|Win32
		{25CF358A-15AC-43BA-A1AE-2B65C3A09B03}.Release|x86.Build.0 = Release|Win32
		{812DA9CD-49E3-456F-B87F-213709C8EB2B}.Debug|x64.ActiveCfg = Debug|x64
		{812DA9CD-49E3-456F-B87F-213709C8EB2B}.Debug|x64.Build.0 = Debug|x64
		{812DA9CD-49E3-456F-B87F-213709C8EB2B}.Debug|x86.ActiveCfg = Debug|Win32
		{812DA9CD-49E3-456F-B87F-213709C8EB2B}.Debug|x86.Build.0 = Debug|Win32
		{812DA9CD-49E3-456F-B87F-213709C8EB2B}.Release|x64.ActiveCfg = Release|x64
		{812DA9CD-49E3-456F-B87F-213709C8EB2B}.Release|x64.Build.0 = Release|x64
		{812DA9CD-49E3-456F-B87F-213709C8EB2B}.Release|x86.ActiveCfg = Release|Win32
		{812DA9CD-49E3-456F-B87F-213709C8EB2B}.Release|x86.Build.0 = Release|Win32
		{99DC89E1-2511-4AE7-BD01-FAD7F5860F0B}.Debug|x64.ActiveCfg = Debug|x64
		{99DC89E1-2511-4AE7-BD01-FAD7F5860F0B}.Debug|x64.Build.0 = Debug|x64
		{99DC89E1-2511-4AE7-BD01-FAD7F5860F0B}.Debug|x86.ActiveCfg = Debug|Win32
		{99DC89E1-2511-4AE7-BD01-FAD7F5860F0B}.Debug|x86.Build.0 = Debug|Win32
		{99DC89E1-2511-4AE7-BD01-FAD7F5860F0B}.Release|x64.ActiveCfg = Release|x64
		{99DC89E1-2511-4AE7-BD01-FAD7F5860F0B}.Release|x64.Build.0 = Release|x64
		{99DC89E1-2511-4AE7-BD01-FAD7F5860F0B}.Release|x86.ActiveCfg = Release|Win32
		{99DC89E1-2511-4AE7-BD01-FAD7F5860F0B}.Release|x86.Build.0 = Release|Win32
		{31233438-7CB4-449D-94DD-C96F1EB7D909}.Debug|x64.ActiveCfg = Debug|x64
		{31233438-7CB4-449D-94DD-C96F1EB7D909}.Debug|x64.Build.0 = Debug|x64
		{31233438-7CB4-449D-94DD-C96F1EB7D909}.Debug|x86.ActiveCfg = Debug|Win32
		{31233438-7CB4-449D-94DD-C96F1EB7D909}.Debug|x86.Build.0 = Debug|Win32
		{31233438-7CB4-449D-94DD-C96F1EB7D909}.Release|x64.ActiveCfg = Release|x64
		{31233438-7CB4-449D-94DD-C96F1EB7D909}.Release|x64.Build.0 = Release|x64
		{31233438-7CB4-449D-94DD-C96F1EB7D909}.Release|x86.ActiveCfg = Release|Win32
		{31233438-7CB4-449D-94DD-C96F1EB7D909}.Release|x86.Build.0 = Release|Win32
		{1803962F-5360-4990-A7F5-5CC801CFB4A9}.Debug|x64.ActiveCfg = Debug|x64
		{1803962F-5360-4990-A7F5-5CC801CFB4A9}.Debug|x64.Build.0 = Debug|x64
		{1803962F-5360-4990-A7F5-5CC801CFB4A9}.Debug|x86.ActiveCfg = Debug|Win32
		{1803962F-5360-4990-A7F5-5CC801CFB4A9}.Debug|x86.Build.0 = Debug|Win32
		{1803962F-5360-4990-A7F5-5CC801CFB4A9}.Release|x64.ActiveCfg = Release|x64
		{1803962F-5360-4990-A7F5-5CC801CFB4A9}.Release|x64.Build.0 = Release|x64
		{1803962F-5360-4990-A7F5-5CC801CFB4A9}.Release|x86.ActiveCfg = Release|Win32
		{1803962F-5360-4990-A7F5-5CC801CFB4A9}.Release|x86.Build.0 = Release|Win32
		{09A64FA0-52F3-47A4-A721-CB4A11AFF60F}.Debug|x64.ActiveCfg = Debug|x64
		{09A64FA0-52F3-47A4-A721-CB4A11AFF60F}.Debug|x64.Build.0 = Debug|x64
		{09A64FA0-52F3-47A4-A721-CB4A11AFF60F}.Debug|x86.ActiveCfg = Debug|Win32
		{09A64FA0-52F3-47A4-A721-CB4A11AFF60F}.Debug|x86.Build.0 = Debug|Win32
		{09A64FA0-52F3-47A4-A721-CB4A11AFF60F}.Release|x64.ActiveCfg = Release|x64
		{09A64FA0-52F3-47A4-A721-CB4A11AFF60F}.Release|x64.Build.0 = Release|x64
		{09A64FA0-52F3-47A4-A721-CB4A11AFF60F}.Release|x86.ActiveCfg = Release|Win32
		{09A64FA0-52F3-47A4-A721-CB4A11AFF60F}.Release|x86.Build.0 = Release|Win32
		{27AFBD21-5D7D-4A7D-9BD5-3B5F083A1E74}.Debug|x64.ActiveCfg = Debug|x64
		{27AFBD21-5D7D-4A7D-9BD5-3B5F083A1E74}.Debug|x64.Build.0 = Debug|x64
		{27AFBD21-5D7D-4A7D-9BD5-3B5F083A1E74}.Debug|x86.ActiveCfg = Debug|Win32
		{27AFBD21-5D7D-4A7D-9BD5-3B5F083A1E74}.Debug|x86.Build.0 = Debug|Win32
		{27AFBD21-5D7D-4A7D-9BD5-3B5F083A1E74}.Release|x64.ActiveCfg = Release|x64
		{27AFBD21-5D7D-4A7D-9BD5-3B5F083A1E74}.Release|x64.Build.0 = Release|x64
		{27AFBD21-5D7D-4A7D-9BD5-3B5F083A1E74}.Release|x86.ActiveCfg = Release|Win32
		{27AFBD21-5D7D-4A7D-9BD5-3B5F083A1E74}.Release|x86.Build.0 = Release|Win32
		{314398B6-2957-47FF-BB0A-6683365D352B}.Debug|x64.ActiveCfg = Debug|x64
		{314398B6-2957-47FF-BB0A-6683365D352B}.Debug|x64.Build.0 = Debug|x64
		{314398B6-2957-47FF-BB0A-6683365D352B}.Debug|x86.ActiveCfg = Debug|Win32
		{314398B6-2957-47FF-BB0A-6683365D352B}.Debug|x86.Build.0 = Debug|Win32
		{314398B6-2957-47FF-BB0A-6683365D352B}.Release|x64.ActiveCfg = Release|x64
		{314398B6-2957-47FF-BB0A-6683365D352B}.Release|x64.Build.0 = Release|x64
		{314398B6-2957-47FF-BB0A-6683365D352B}.Release|x86.ActiveCfg = Release|Win32
		{314398B6-2957-47FF-BB0A-6683365D352B}.Release|x86.Build.0 = Release|Win32
		{1D4A401A-9A0F-4740-A882-37A997149375}.Debug|x64.ActiveCfg = Debug|x64
		{1D4A401A-9A0F-4740-A882-37A997149375}.Debug|x64.Build.0 = Debug|x64
		{1D4A401A-9A0F-4740-A882-37A997149375}.Debug|x86.ActiveCfg = Debug|Win32
		{1D4A401A-9A0F-4740-A882-37A997149375}.Debug|x86.Build.0 = Debug|Win32
		{1D4A401A-9A0F-4740-A882-37A997149375}.Release|x64.ActiveCfg = Release|x64
		{1D4A401A-9A0F-4740-A882-37A997149375}.Release|x64.Build.0 = Release|x64
		{1D4A401A-9A0F-4740-A882-37A997149375}.Release|x86.ActiveCfg = Release|Win32
		{1D4A401A-9A0F-4740-A882-37A997149375}.Release|x86.Build.0 = Release|Win32
		{42EA7F6A-0212-4572-9584-8539CDFFED67}.Debug|x64.ActiveCfg = Debug|x64
		{42EA7F6A-0212-4572-9584-8539CDFFED67}.Debug|x64.Build.0 = Debug|x64
		{42EA7F6A-0212-4572-9584-8539CDFFED67}.Debug|x86.ActiveCfg = Debug|Win32
		{42EA7F6A-0212-4572-9584-8539CDFFED67}.Debug|x86.Build.0 = Debug|Win32
		{42EA7F6A-0212-4572-9584-8539CDFFED67}.Release|x64.ActiveCfg = Release|x64
		{42EA7F6A-0212-4572-9584-8539CDFFED67}.Release|x64.Build.0 = Release|x64
		{42EA7F6A-0212-4572-9584-8539CDFFED67}.Release|x86.ActiveCfg = Release|Win32
		{42EA7F6A-0212-4572-9584-8539CDFFED67}.Release|x86.Build.0 = Release|Win32
		{75FD8244-DEB5-47FE-8B27-0CCB8D603D15}.Debug|x64.ActiveCfg = Debug|x64
		{75FD8244-DEB5-47FE-8B27-0CCB8D603D15}.Debug|x64.Build.0 = Debug|x64
		{75FD8244-DEB5-47FE-8B27-0CCB8D603D15}.Debug|x86.ActiveCfg = Debug|Win32
		{75FD8244-DEB5-47FE-8B27-0CCB8D603D15}.Debug|x86.Build.0 = Debug|Win32
		{75FD8244-DEB5-47FE-8B27-0CCB8D603D15}.Release|x64.ActiveCfg = Release|x64
		{75FD8244-DEB5-47FE-8B27-0CCB8D603D15}.Release|x64.Build.0 = Release|x64
		{75FD8244-DEB5-47FE-8B27-0CCB8D603D15}.Release|x86.ActiveCfg = Release|Win32
		{75FD8244-DEB5-47FE-8B27-0CCB8D603D15}.Release|x86.Build.0 = Release|Win32
		{ADD871A1-629A-4D72-BF5F-2963CDF33865}.Debug|x64.ActiveCfg = Debug|x64
		{ADD871A1-629A-4D72-BF5F-2963CDF33865}.Debug|x64.Build.0 = Debug|x64
		{ADD871A1-629A-4D72-BF5F-2963CDF33865}.Debug|x86.ActiveCfg = Debug|Win32
		{ADD871A1-629A-4D72-BF5F-2963CDF33865}.Debug|x86.Build.0 = Debug|Win32
		{ADD871A1-629A-4D72-BF5F-2963CDF33865}.Release|x64.ActiveCfg = Release|x64
		{ADD871A1-629A-4D72-BF5F-2963CDF33865}.Release|x64.Build.0 = Release|x64
		{ADD871A1-629A-4D72-BF5F-2963CDF33865}.Release|x86.ActiveCfg = Release|Win32
		{ADD871A1-629A-4D72-BF5F-2963CDF33865}.Release|x86.Build.0 = Release|Win32
		{43FA9AE2-A34D-47B6-8395-21C8D9A5AEA2}.Debug|x64.ActiveCfg = Debug|x64
		{43FA9AE2-A34D-47B6-8395-21C8D9A5AEA2}.Debug|x64.Build.0 = Debug|x64
		{43FA9AE2-A34D-47B6-8395-21C8D9A5AEA2}.Debug|x86.ActiveCfg = Debug|Win32
		{43FA9AE2-A34D-47B6-8395-21C8D9A5AEA2}.Debug|x86.Build.0 = Debug|Win32
		{43FA9AE2-A34D-47B6-8395-21C8D9A5AEA2}.Release|x64.ActiveCfg = Release|x64
		{43FA9AE2-A34D-47B6-8395-21C8D9A5AEA2}.Release|x64.Build.0 = Release|x64
		{43FA9AE2-A34D-47B6-8395-21C8D9A5AEA2}.Release|x86.ActiveCfg = Release|Win32
		{43FA9AE2-A34D-47B6-8395-21C8D9A5AEA2}.Release|x86.Build.0 = Release|Win32
	EndGlobalSection
	GlobalSection(SolutionProperties) = preSolution
		HideSolutionNode = FALSE
	EndGlobalSection
	GlobalSection(ExtensibilityGlobals) = postSolution
		SolutionGuid = {DBF03D23-2167-4EF3-8366-6872764E9760}
	EndGlobalSection
EndGlobal
